
Microsoft Visual Studio Solution File, Format Version 12.00
# Visual Studio 15
VisualStudioVersion = 15.0.26124.0
MinimumVisualStudioVersion = 15.0.26124.0
Project("{FAE04EC0-301F-11D3-BF4B-00C04F79EFBC}") = "Lib", "Lib\Lib.csproj", "{2B011D02-DB12-4FC4-8147-4D4D89828393}"
EndProject
Project("{FAE04EC0-301F-11D3-BF4B-00C04F79EFBC}") = "Test", "Test\Test.csproj", "{4612F78D-AA2E-4904-B4C2-CEDABD65EAF2}"
EndProject
Global
	GlobalSection(SolutionConfigurationPlatforms) = preSolution
		Debug|Any CPU = Debug|Any CPU
		Debug|x64 = Debug|x64
		Debug|x86 = Debug|x86
		Release|Any CPU = Release|Any CPU
		Release|x64 = Release|x64
		Release|x86 = Release|x86
	EndGlobalSection
	GlobalSection(SolutionProperties) = preSolution
		HideSolutionNode = FALSE
	EndGlobalSection
	GlobalSection(ProjectConfigurationPlatforms) = postSolution
		{2B011D02-DB12-4FC4-8147-4D4D89828393}.Debug|Any CPU.ActiveCfg = Debug|Any CPU
		{2B011D02-DB12-4FC4-8147-4D4D89828393}.Debug|Any CPU.Build.0 = Debug|Any CPU
		{2B011D02-DB12-4FC4-8147-4D4D89828393}.Debug|x64.ActiveCfg = Debug|Any CPU
		{2B011D02-DB12-4FC4-8147-4D4D89828393}.Debug|x64.Build.0 = Debug|Any CPU
		{2B011D02-DB12-4FC4-8147-4D4D89828393}.Debug|x86.ActiveCfg = Debug|Any CPU
		{2B011D02-DB12-4FC4-8147-4D4D89828393}.Debug|x86.Build.0 = Debug|Any CPU
		{2B011D02-DB12-4FC4-8147-4D4D89828393}.Release|Any CPU.ActiveCfg = Release|Any CPU
		{2B011D02-DB12-4FC4-8147-4D4D89828393}.Release|Any CPU.Build.0 = Release|Any CPU
		{2B011D02-DB12-4FC4-8147-4D4D89828393}.Release|x64.ActiveCfg = Release|Any CPU
		{2B011D02-DB12-4FC4-8147-4D4D89828393}.Release|x64.Build.0 = Release|Any CPU
		{2B011D02-DB12-4FC4-8147-4D4D89828393}.Release|x86.ActiveCfg = Release|Any CPU
		{2B011D02-DB12-4FC4-8147-4D4D89828393}.Release|x86.Build.0 = Release|Any CPU
		{4612F78D-AA2E-4904-B4C2-CEDABD65EAF2}.Debug|Any CPU.ActiveCfg = Debug|Any CPU
		{4612F78D-AA2E-4904-B4C2-CEDABD65EAF2}.Debug|Any CPU.Build.0 = Debug|Any CPU
		{4612F78D-AA2E-4904-B4C2-CEDABD65EAF2}.Debug|x64.ActiveCfg = Debug|Any CPU
		{4612F78D-AA2E-4904-B4C2-CEDABD65EAF2}.Debug|x64.Build.0 = Debug|Any CPU
		{4612F78D-AA2E-4904-B4C2-CEDABD65EAF2}.Debug|x86.ActiveCfg = Debug|Any CPU
		{4612F78D-AA2E-4904-B4C2-CEDABD65EAF2}.Debug|x86.Build.0 = Debug|Any CPU
		{4612F78D-AA2E-4904-B4C2-CEDABD65EAF2}.Release|Any CPU.ActiveCfg = Release|Any CPU
		{4612F78D-AA2E-4904-B4C2-CEDABD65EAF2}.Release|Any CPU.Build.0 = Release|Any CPU
		{4612F78D-AA2E-4904-B4C2-CEDABD65EAF2}.Release|x64.ActiveCfg = Release|Any CPU
		{4612F78D-AA2E-4904-B4C2-CEDABD65EAF2}.Release|x64.Build.0 = Release|Any CPU
		{4612F78D-AA2E-4904-B4C2-CEDABD65EAF2}.Release|x86.ActiveCfg = Release|Any CPU
		{4612F78D-AA2E-4904-B4C2-CEDABD65EAF2}.Release|x86.Build.0 = Release|Any CPU
	EndGlobalSection
EndGlobal
